{
  "name": "snapp-food",
  "lockfileVersion": 2,
  "requires": true,
  "packages": {
    "": {
      "dependencies": {
        "laravel-echo": "^1.15.0"
      }
    },
    "node_modules/laravel-echo": {
      "version": "1.15.0",
      "resolved": "https://registry.npmjs.org/laravel-echo/-/laravel-echo-1.15.0.tgz",
      "integrity": "sha512-q5YaEw2NFu9xra6sYUfh/FX2YotN5iY1nMeKz90J3W3Vpa+5WjK3/DYeEzkTfBZz8Oq1Dv9vWNE4IUvt7kxYIg==",
      "engines": {
        "node": ">=10"
      }
    }
  },
  "dependencies": {
    "laravel-echo": {
      "version": "1.15.0",
      "resolved": "https://registry.npmjs.org/laravel-echo/-/laravel-echo-1.15.0.tgz",
      "integrity": "sha512-q5YaEw2NFu9xra6sYUfh/FX2YotN5iY1nMeKz90J3W3Vpa+5WjK3/DYeEzkTfBZz8Oq1Dv9vWNE4IUvt7kxYIg=="
    }
  }
}
